
Microsoft Visual Studio Solution File, Format Version 12.00
# Visual Studio Version 17
VisualStudioVersion = 17.3.32929.385
MinimumVisualStudioVersion = 10.0.40219.1
Project("{FAE04EC0-301F-11D3-BF4B-00C04F79EFBC}") = "Baras_Andrei_Lab1", "Baras_Andrei_Lab1.csproj", "{A171A28D-0DFF-4679-8BE7-6345288E2329}"
EndProject
Global
	GlobalSection(SolutionConfigurationPlatforms) = preSolution
		Debug|Any CPU = Debug|Any CPU
		Release|Any CPU = Release|Any CPU
	EndGlobalSection
	GlobalSection(ProjectConfigurationPlatforms) = postSolution
		{A171A28D-0DFF-4679-8BE7-6345288E2329}.Debug|Any CPU.ActiveCfg = Debug|Any CPU
		{A171A28D-0DFF-4679-8BE7-6345288E2329}.Debug|Any CPU.Build.0 = Debug|Any CPU
		{A171A28D-0DFF-4679-8BE7-6345288E2329}.Release|Any CPU.ActiveCfg = Release|Any CPU
		{A171A28D-0DFF-4679-8BE7-6345288E2329}.Release|Any CPU.Build.0 = Release|Any CPU
	EndGlobalSection
	GlobalSection(SolutionProperties) = preSolution
		HideSolutionNode = FALSE
	EndGlobalSection
	GlobalSection(ExtensibilityGlobals) = postSolution
		SolutionGuid = {51AB8351-C59E-4474-87A2-8C7F6B9A70C4}
	EndGlobalSection
EndGlobal
